# This file is autogenerated, do not edit; changes may be undone by the next 'dep ensure'.


[[projects]]
  name = "github.com/blang/semver"
  packages = ["."]
  revision = "3a37c301dda64cbe17f16f661b4c976803c0e2d2"

[[projects]]
  name = "github.com/davecgh/go-spew"
  packages = ["spew"]
  revision = "346938d642f2ec3594ed81d874461961cd0faa76"
  version = "v1.1.0"

[[projects]]
  name = "github.com/docker/distribution"
  packages = ["digest","reference"]
  revision = "2a3510004f11cab27f00e7e8ab6f2298277169bf"

[[projects]]
  branch = "master"
  name = "github.com/dustin/go-humanize"
  packages = ["."]
  revision = "77ed807830b4df581417e7f89eb81d4872832b72"

[[projects]]
  name = "github.com/emicklei/go-restful"
  packages = [".","log","swagger"]
  revision = "e9d6cfe95e4be7e9f85e79dab93bebb14a517f20"

[[projects]]
  name = "github.com/ghodss/yaml"
  packages = ["."]
  revision = "04f313413ffd65ce25f2541bfd2b2ceec5c0908c"

[[projects]]
  name = "github.com/gogo/protobuf"
  packages = ["proto","sortkeys"]
  revision = "1a78ea63e7f62d64c7630e5980a0dfd623545449"

[[projects]]
  branch = "master"
  name = "github.com/golang/glog"
  packages = ["."]
  revision = "23def4e6c14b4da8ac2ed8007337bc5eb5007998"

[[projects]]
  branch = "master"
  name = "github.com/golang/protobuf"
  packages = ["proto"]
  revision = "130e6b02ab059e7b717a096f397c5b60111cae74"

[[projects]]
  name = "github.com/google/gofuzz"
  packages = ["."]
  revision = "44d81051d367757e1c7c6a5a86423ece9afcf63c"

[[projects]]
  branch = "master"
  name = "github.com/gravitational/roundtrip"
  packages = ["."]
  revision = "f39421c51f636f6a03a79a168aacc628e37a584b"

[[projects]]
  name = "github.com/gravitational/trace"
  packages = ["."]
  revision = "6b5a7fe88920c524ac56d22ed6f371ca25ec7e13"
  version = "1.1.1"

[[projects]]
  branch = "1.2"
  name = "github.com/influxdata/influxdb"
  packages = ["influxql","influxql/internal","influxql/neldermead","models","pkg/escape"]
  revision = "4196df0fb90961df19e551dab7393a4954c0e175"

[[projects]]
  name = "github.com/influxdata/kapacitor"
  packages = ["client/v1","influxdb","models","pipeline","services/k8s/client","tick","tick/ast","tick/stateful","udf"]
  revision = "4628bda2e3fbcc43df694707ec3f640f213cb0dc"
  version = "v1.2.1"

[[projects]]
  branch = "master"
  name = "github.com/jonboulle/clockwork"
  packages = ["."]
  revision = "bcac9884e7502bb2b474c0339d889cb981a2f27f"

[[projects]]
  name = "github.com/juju/ratelimit"
  packages = ["."]
  revision = "77ed1c8a01217656d2080ad51981f6e99adaa177"

[[projects]]
  name = "github.com/pborman/uuid"
  packages = ["."]
  revision = "5007efa264d92316c43112bc573e754bc889b7b1"

[[projects]]
  name = "github.com/pkg/errors"
  packages = ["."]
  revision = "645ef00459ed84a119197bfb8d8205042c6df63d"
  version = "v0.8.0"

[[projects]]
  name = "github.com/sirupsen/logrus"
  packages = ["."]
  revision = "f006c2ac4710855cf0f916dd6b77acf6b048dc6e"
  version = "v1.0.3"

[[projects]]
  name = "github.com/spf13/pflag"
  packages = ["."]
  revision = "5ccb023bc27df288a957c5e994cd44fd19619465"

[[projects]]
  name = "github.com/uber-go/atomic"
  packages = ["."]
  revision = "4e336646b2ef9fc6e47be8e21594178f98e5ebcf"
  version = "v1.2.0"

[[projects]]
  name = "github.com/uber-go/zap"
  packages = ["."]
  revision = "c064b5c44b285a7e2fd5c9b26e8c38228ce2bccb"
  version = "v0.1.0-beta.1"

[[projects]]
  name = "github.com/ugorji/go"
  packages = ["codec"]
  revision = "9c7f9b7a2bc3a520f7c7b30b34b7f85f47fe27b6"

[[projects]]
  branch = "master"
  name = "golang.org/x/crypto"
  packages = ["ssh/terminal"]
  revision = "541b9d50ad47e36efd8fb423e938e59ff1691f68"

[[projects]]
  name = "golang.org/x/net"
  packages = ["context","http2","http2/hpack","idna","lex/httplex"]
  revision = "9773060888fba93b172cedcd70127db1ab739bd1"

[[projects]]
  name = "golang.org/x/sys"
  packages = ["unix","windows"]
  revision = "478fcf54317e52ab69f40bb4c7a1520288d7f7ea"

[[projects]]
  name = "gopkg.in/inf.v0"
  packages = ["."]
  revision = "3887ee99ecf07df5b447e9b00d9c0b2adaa9f3e4"
  version = "v0.9.0"

[[projects]]
  name = "gopkg.in/yaml.v2"
  packages = ["."]
  revision = "a5b47d31c556af34a302ce5d659e6fea44d90de0"

[[projects]]
  name = "k8s.io/client-go"
  packages = ["1.4/discovery","1.4/kubernetes","1.4/kubernetes/typed/apps/v1alpha1","1.4/kubernetes/typed/authentication/v1beta1","1.4/kubernetes/typed/authorization/v1beta1","1.4/kubernetes/typed/autoscaling/v1","1.4/kubernetes/typed/batch/v1","1.4/kubernetes/typed/certificates/v1alpha1","1.4/kubernetes/typed/core/v1","1.4/kubernetes/typed/extensions/v1beta1","1.4/kubernetes/typed/policy/v1alpha1","1.4/kubernetes/typed/rbac/v1alpha1","1.4/kubernetes/typed/storage/v1beta1","1.4/pkg/api","1.4/pkg/api/endpoints","1.4/pkg/api/errors","1.4/pkg/api/install","1.4/pkg/api/meta","1.4/pkg/api/meta/metatypes","1.4/pkg/api/pod","1.4/pkg/api/resource","1.4/pkg/api/service","1.4/pkg/api/unversioned","1.4/pkg/api/unversioned/validation","1.4/pkg/api/util","1.4/pkg/api/v1","1.4/pkg/api/validation","1.4/pkg/apimachinery","1.4/pkg/apimachinery/registered","1.4/pkg/apis/apps","1.4/pkg/apis/apps/install","1.4/pkg/apis/apps/v1alpha1","1.4/pkg/apis/authentication","1.4/pkg/apis/authentication/install","1.4/pkg/apis/authentication/v1beta1","1.4/pkg/apis/authorization","1.4/pkg/apis/authorization/install","1.4/pkg/apis/authorization/v1beta1","1.4/pkg/apis/autoscaling","1.4/pkg/apis/autoscaling/install","1.4/pkg/apis/autoscaling/v1","1.4/pkg/apis/batch","1.4/pkg/apis/batch/install","1.4/pkg/apis/batch/v1","1.4/pkg/apis/batch/v2alpha1","1.4/pkg/apis/certificates","1.4/pkg/apis/certificates/install","1.4/pkg/apis/certificates/v1alpha1","1.4/pkg/apis/extensions","1.4/pkg/apis/extensions/install","1.4/pkg/apis/extensions/v1beta1","1.4/pkg/apis/policy","1.4/pkg/apis/policy/install","1.4/pkg/apis/policy/v1alpha1","1.4/pkg/apis/rbac","1.4/pkg/apis/rbac/install","1.4/pkg/apis/rbac/v1alpha1","1.4/pkg/apis/storage","1.4/pkg/apis/storage/install","1.4/pkg/apis/storage/v1beta1","1.4/pkg/auth/user","1.4/pkg/capabilities","1.4/pkg/conversion","1.4/pkg/conversion/queryparams","1.4/pkg/fields","1.4/pkg/labels","1.4/pkg/runtime","1.4/pkg/runtime/serializer","1.4/pkg/runtime/serializer/json","1.4/pkg/runtime/serializer/protobuf","1.4/pkg/runtime/serializer/recognizer","1.4/pkg/runtime/serializer/streaming","1.4/pkg/runtime/serializer/versioning","1.4/pkg/security/apparmor","1.4/pkg/selection","1.4/pkg/third_party/forked/golang/reflect","1.4/pkg/types","1.4/pkg/util","1.4/pkg/util/clock","1.4/pkg/util/config","1.4/pkg/util/crypto","1.4/pkg/util/errors","1.4/pkg/util/flowcontrol","1.4/pkg/util/framer","1.4/pkg/util/hash","1.4/pkg/util/integer","1.4/pkg/util/intstr","1.4/pkg/util/json","1.4/pkg/util/labels","1.4/pkg/util/net","1.4/pkg/util/net/sets","1.4/pkg/util/parsers","1.4/pkg/util/rand","1.4/pkg/util/runtime","1.4/pkg/util/sets","1.4/pkg/util/uuid","1.4/pkg/util/validation","1.4/pkg/util/validation/field","1.4/pkg/util/wait","1.4/pkg/util/yaml","1.4/pkg/version","1.4/pkg/watch","1.4/pkg/watch/versioned","1.4/rest","1.4/tools/clientcmd/api","1.4/tools/metrics","1.4/transport"]
  revision = "3a5b96cfd3d3ff1d53d979b4297c4f3b869aab09"
  version = "v1.4.0"

[solve-meta]
  analyzer-name = "dep"
  analyzer-version = 1
  inputs-digest = "e8a51cfef12eb0fd8c53c8b2b4ce2e1b356b268e7c1246e30b5dc15b2daeaff7"
  solver-name = "gps-cdcl"
  solver-version = 1
