# This file is autogenerated, do not edit; changes may be undone by the next 'dep ensure'.


[[projects]]
  digest = "1:1bd60e6bc41f7cc4d387a6d5b37718a2b62c31befe3b1e6d9acdca80fcf97567"
  name = "github.com/cenkalti/backoff"
  packages = ["."]
  pruneopts = "NUT"
  revision = "309aa717adbf351e92864cbedf9cca0b769a4b5a"

[[projects]]
  branch = "master"
  digest = "1:3f451047834b63dcc35c5dc54d707440606cfd5b53c730a5f03bebd04d8e6af5"
  name = "github.com/dustin/go-humanize"
  packages = ["."]
  pruneopts = "NUT"
  revision = "77ed807830b4df581417e7f89eb81d4872832b72"

[[projects]]
  digest = "1:81466b4218bf6adddac2572a30ac733a9255919bc2f470b4827a317bd4ee1756"
  name = "github.com/ghodss/yaml"
  packages = ["."]
  pruneopts = "NUT"
  revision = "0ca9ea5df5451ffdf184b4428c902747c2c11cd7"
  version = "v1.0.0"

[[projects]]
  digest = "1:93344b9d2c6f6c951d852e753e09c7d433a222e3c0ac952ff86f6e2527873b37"
  name = "github.com/gogo/protobuf"
  packages = [
    "proto",
    "sortkeys",
  ]
  pruneopts = "NUT"
  revision = "342cbe0a04158f6dcb03ca0079991a51a4248c02"
  version = "v0.5"

[[projects]]
  branch = "master"
  digest = "1:e2b86e41f3d669fc36b50d31d32d22c8ac656c75aa5ea89717ce7177e134ff2a"
  name = "github.com/golang/glog"
  packages = ["."]
  pruneopts = "NUT"
  revision = "23def4e6c14b4da8ac2ed8007337bc5eb5007998"

[[projects]]
  branch = "master"
  digest = "1:0d390d7037c2aecc37e78c2cfbe43d020d6f1fa83fd22266b7ec621189447d57"
  name = "github.com/golang/protobuf"
  packages = [
    "proto",
    "ptypes",
    "ptypes/any",
    "ptypes/duration",
    "ptypes/timestamp",
  ]
  pruneopts = "NUT"
  revision = "1643683e1b54a9e88ad26d98f81400c8c9d9f4f9"

[[projects]]
  digest = "1:05f95ffdfcf651bdb0f05b40b69e7f5663047f8da75c72d58728acb59b5cc107"
  name = "github.com/google/btree"
  packages = ["."]
  pruneopts = "NUT"
  revision = "4030bb1f1f0c35b30ca7009e9ebd06849dd45306"
  version = "v1.0.0"

[[projects]]
  branch = "master"
  digest = "1:52c5834e2bebac9030c97cc0798ac11c3aa8a39f098aeb419f142533da6cd3cc"
  name = "github.com/google/gofuzz"
  packages = ["."]
  pruneopts = "NUT"
  revision = "24818f796faf91cd76ec7bddd72458fbced7a6c1"

[[projects]]
  digest = "1:06a7dadb7b760767341ffb6c8d377238d68a1226f2b21b5d497d2e3f6ecf6b4e"
  name = "github.com/googleapis/gnostic"
  packages = [
    "OpenAPIv2",
    "compiler",
    "extensions",
  ]
  pruneopts = "NUT"
  revision = "7c663266750e7d82587642f65e60bc4083f1f84e"
  version = "v0.2.0"

[[projects]]
  digest = "1:4e771d1c6e15ca4516ad971c34205c822b5cff2747179679d7b321e4e1bfe431"
  name = "github.com/gosimple/slug"
  packages = ["."]
  pruneopts = "NUT"
  revision = "e9f42fa127660e552d0ad2b589868d403a9be7c6"
  version = "v1.1.1"

[[projects]]
  branch = "master"
  digest = "1:b38b36beba67b5527ab3e5a0336ccdd60f554cde6fa1ded7c651f55aa85bac2d"
  name = "github.com/gravitational/roundtrip"
  packages = ["."]
  pruneopts = "NUT"
  revision = "f39421c51f636f6a03a79a168aacc628e37a584b"

[[projects]]
  digest = "1:70ba0c765ed2ead6b2d8d070622fbe51feba50282799a1ba88278b9cbcee0d2b"
  name = "github.com/gravitational/trace"
  packages = ["."]
  pruneopts = "NUT"
  revision = "a5c40b57db7203332a073f20771214d0eeb2a168"
  version = "1.1.7"

[[projects]]
  digest = "1:0449888004a20ad96d756f25a8a425ddd5cd2f3182b936de16006ab584640cbb"
  name = "github.com/gravitational/version"
  packages = ["."]
  pruneopts = "NUT"
  revision = "95d33ece5ce1a00844c874822496682f353f3003"
  version = "0.0.2"

[[projects]]
  branch = "master"
  digest = "1:a86d65bc23eea505cd9139178e4d889733928fe165c7a008f41eaab039edf9df"
  name = "github.com/gregjones/httpcache"
  packages = [
    ".",
    "diskcache",
  ]
  pruneopts = "NUT"
  revision = "3befbb6ad0cc97d4c25d851e9528915809e1a22f"

[[projects]]
  digest = "1:406338ad39ab2e37b7f4452906442a3dbf0eb3379dd1f06aafb5c07e769a5fbb"
  name = "github.com/inconshreveable/mousetrap"
  packages = ["."]
  pruneopts = "NUT"
  revision = "76626ae9c91c4f2a10f34cad8ce83ea42c93bb75"
  version = "v1.0"

[[projects]]
  digest = "1:e1bb8071a782b2346e54fcae21697afb3e155e33efac797dc47abab3d0ffce23"
  name = "github.com/influxdata/influxdb"
  packages = [
    "client/v2",
    "influxql",
    "influxql/internal",
    "influxql/neldermead",
    "models",
    "pkg/escape",
  ]
  pruneopts = "NUT"
  revision = "cd9363b52cac452113b95554d98a6be51beda24e"
  version = "v1.1.5"

[[projects]]
  digest = "1:2c44dfe31e8c46627220f83993bc07f48524dad4a6fe174562a8d0311e878888"
  name = "github.com/influxdata/kapacitor"
  packages = [
    "client/v1",
    "pipeline",
    "services/k8s/client",
    "tick",
    "tick/ast",
    "tick/stateful",
    "udf/agent",
  ]
  pruneopts = "NUT"
  revision = "3086452d00830e01d932838d8c6d1df818648ad3"
  version = "v1.5.2"

[[projects]]
  digest = "1:6b1eae4bb93e5ccd23cb09d1e005ecb391316d27701b7a5264f8555a6e2f3d87"
  name = "github.com/jonboulle/clockwork"
  packages = ["."]
  pruneopts = "NUT"
  revision = "2eee05ed794112d45db504eb05aa693efd2b8b09"
  version = "v0.1.0"

[[projects]]
  digest = "1:4e903242fe176238aaa469f59d7035f5abf2aa9acfefb8964ddd203651b574e9"
  name = "github.com/json-iterator/go"
  packages = ["."]
  pruneopts = "NUT"
  revision = "0ff49de124c6f76f8494e194af75bde0f1a49a29"
  version = "v1.1.6"

[[projects]]
  digest = "1:2f42fa12d6911c7b7659738758631bec870b7e9b4c6be5444f963cdcfccc191f"
  name = "github.com/modern-go/concurrent"
  packages = ["."]
  pruneopts = "NUT"
  revision = "bacd9c7ef1dd9b15be4a9909b8ac7a4e313eec94"
  version = "1.0.3"

[[projects]]
  digest = "1:c6aca19413b13dc59c220ad7430329e2ec454cc310bc6d8de2c7e2b93c18a0f6"
  name = "github.com/modern-go/reflect2"
  packages = ["."]
  pruneopts = "NUT"
  revision = "4b7aa43c6742a2c18fdef89dd197aaae7dac7ccd"
  version = "1.0.1"

[[projects]]
  branch = "master"
  digest = "1:3bf17a6e6eaa6ad24152148a631d18662f7212e21637c2699bff3369b7f00fa2"
  name = "github.com/petar/GoLLRB"
  packages = ["llrb"]
  pruneopts = "NUT"
  revision = "53be0d36a84c2a886ca057d34b6aa4468df9ccb4"

[[projects]]
  digest = "1:6c6d91dc326ed6778783cff869c49fb2f61303cdd2ebbcf90abe53505793f3b6"
  name = "github.com/peterbourgon/diskv"
  packages = ["."]
  pruneopts = "NUT"
  revision = "5f041e8faa004a95c88a202771f4cc3e991971e6"
  version = "v2.0.1"

[[projects]]
  digest = "1:5cf3f025cbee5951a4ee961de067c8a89fc95a5adabead774f82822efabab121"
  name = "github.com/pkg/errors"
  packages = ["."]
  pruneopts = "NUT"
  revision = "645ef00459ed84a119197bfb8d8205042c6df63d"
  version = "v0.8.0"

[[projects]]
  branch = "master"
  digest = "1:16e2136a67ec44aa2d1d6b0fd65394b3c4a8b2a1b6730c77967f7b7b06b179b2"
  name = "github.com/rainycape/unidecode"
  packages = ["."]
  pruneopts = "NUT"
  revision = "cb7f23ec59bec0d61b19c56cd88cee3d0cc1870c"

[[projects]]
  digest = "1:31c5d934770c8b0698c28eb8576cb39b14e2fcf3c5f2a6e8449116884cd92e3f"
  name = "github.com/sirupsen/logrus"
  packages = ["."]
  pruneopts = "NUT"
  revision = "f006c2ac4710855cf0f916dd6b77acf6b048dc6e"
  version = "v1.0.3"

[[projects]]
  digest = "1:d3533ee568fc00a971617ec09dc0f0b3eddfb4adbc1275f8f6332553d67506b4"
  name = "github.com/spf13/cobra"
  packages = ["."]
  pruneopts = "NUT"
  revision = "f2b07da1e2c38d5f12845a4f607e2e1018cbb1f5"
  version = "v0.0.5"

[[projects]]
  digest = "1:9d8420bbf131d1618bde6530af37c3799340d3762cc47210c1d9532a4c3a2779"
  name = "github.com/spf13/pflag"
  packages = ["."]
  pruneopts = "NUT"
  revision = "298182f68c66c05229eb03ac171abe6e309ee79a"
  version = "v1.0.3"

[[projects]]
  branch = "master"
  digest = "1:624a05c7c6ed502bf77364cd3d54631383dafc169982fddd8ee77b53c3d9cccf"
  name = "golang.org/x/crypto"
  packages = ["ssh/terminal"]
  pruneopts = "NUT"
  revision = "541b9d50ad47e36efd8fb423e938e59ff1691f68"

[[projects]]
  branch = "master"
  digest = "1:e8001f7d7885f7bea3fafc113bd64b3b327a14585c6796991c1d1acdc88273ad"
  name = "golang.org/x/net"
  packages = [
    "context",
    "http2",
    "http2/hpack",
    "idna",
    "lex/httplex",
  ]
  pruneopts = "NUT"
  revision = "aabf50738bcdd9b207582cbe796b59ed65d56680"

[[projects]]
  branch = "master"
  digest = "1:84a68517b98aefe23077b9045b90369af5fce61dd1c4b6593a20dfbd98604ce2"
  name = "golang.org/x/sys"
  packages = [
    "unix",
    "windows",
  ]
  pruneopts = "NUT"
  revision = "8dbc5d05d6edcc104950cc299a1ce6641235bc86"

[[projects]]
  branch = "master"
  digest = "1:f27fd63eb0ec85b70bc3825f812d9c1193cabde1ebdc28935ac2ba5aa88d2463"
  name = "golang.org/x/text"
  packages = [
    "collate",
    "collate/build",
    "internal/colltab",
    "internal/gen",
    "internal/tag",
    "internal/triegen",
    "internal/ucd",
    "language",
    "secure/bidirule",
    "transform",
    "unicode/bidi",
    "unicode/cldr",
    "unicode/norm",
    "unicode/rangetable",
  ]
  pruneopts = "NUT"
  revision = "c01e4764d870b77f8abe5096ee19ad20d80e8075"

[[projects]]
  branch = "master"
  digest = "1:9fdc2b55e8e0fafe4b41884091e51e77344f7dc511c5acedcfd98200003bff90"
  name = "golang.org/x/time"
  packages = ["rate"]
  pruneopts = "NUT"
  revision = "9d24e82272b4f38b78bc8cff74fa936d31ccd8ef"

[[projects]]
  digest = "1:ef72505cf098abdd34efeea032103377bec06abb61d8a06f002d5d296a4b1185"
  name = "gopkg.in/inf.v0"
  packages = ["."]
  pruneopts = "NUT"
  revision = "3887ee99ecf07df5b447e9b00d9c0b2adaa9f3e4"
  version = "v0.9.0"

[[projects]]
  branch = "v2"
  digest = "1:c85dc78b3426641ebf2a0bbf5b731b5c4613ddb5987dbe218f7e75468dcd56f5"
  name = "gopkg.in/yaml.v2"
  packages = ["."]
  pruneopts = "NUT"
  revision = "eb3733d160e74a9c7e442f435eb3bea458e1d19f"

[[projects]]
  digest = "1:8960ef753a87391086a307122d23cd5007cee93c28189437e4f1b6ed72bffc50"
  name = "k8s.io/api"
  packages = [
    "admissionregistration/v1alpha1",
    "admissionregistration/v1beta1",
    "apps/v1",
    "apps/v1beta1",
    "apps/v1beta2",
    "authentication/v1",
    "authentication/v1beta1",
    "authorization/v1",
    "authorization/v1beta1",
    "autoscaling/v1",
    "autoscaling/v2beta1",
    "batch/v1",
    "batch/v1beta1",
    "batch/v2alpha1",
    "certificates/v1beta1",
    "core/v1",
    "events/v1beta1",
    "extensions/v1beta1",
    "networking/v1",
    "policy/v1beta1",
    "rbac/v1",
    "rbac/v1alpha1",
    "rbac/v1beta1",
    "scheduling/v1alpha1",
    "scheduling/v1beta1",
    "settings/v1alpha1",
    "storage/v1",
    "storage/v1alpha1",
    "storage/v1beta1",
  ]
  pruneopts = "NUT"
  revision = "072894a440bdee3a891dea811fe42902311cd2a3"
  version = "kubernetes-1.11.0"

[[projects]]
  branch = "release-1.11"
  digest = "1:56ed104a3ffbd7c9f51781d76ddfde536a8de617fd808ddb31dd8c8925a3e9db"
  name = "k8s.io/apimachinery"
  packages = [
    "pkg/api/errors",
    "pkg/api/meta",
    "pkg/api/resource",
    "pkg/apis/meta/v1",
    "pkg/apis/meta/v1/unstructured",
    "pkg/apis/meta/v1beta1",
    "pkg/conversion",
    "pkg/conversion/queryparams",
    "pkg/fields",
    "pkg/labels",
    "pkg/runtime",
    "pkg/runtime/schema",
    "pkg/runtime/serializer",
    "pkg/runtime/serializer/json",
    "pkg/runtime/serializer/protobuf",
    "pkg/runtime/serializer/recognizer",
    "pkg/runtime/serializer/streaming",
    "pkg/runtime/serializer/versioning",
    "pkg/selection",
    "pkg/types",
    "pkg/util/clock",
    "pkg/util/errors",
    "pkg/util/framer",
    "pkg/util/intstr",
    "pkg/util/json",
    "pkg/util/net",
    "pkg/util/runtime",
    "pkg/util/sets",
    "pkg/util/validation",
    "pkg/util/validation/field",
    "pkg/util/wait",
    "pkg/util/yaml",
    "pkg/version",
    "pkg/watch",
    "third_party/forked/golang/reflect",
  ]
  pruneopts = "NUT"
  revision = "c182ff3b98419e7305cc361fd1811988591656cf"

[[projects]]
  digest = "1:b960fc62d636ccdc3265dd1e190b7f5e7bf5f8d29bf4f02af7f1352768c58f3f"
  name = "k8s.io/client-go"
  packages = [
    "discovery",
    "kubernetes",
    "kubernetes/scheme",
    "kubernetes/typed/admissionregistration/v1alpha1",
    "kubernetes/typed/admissionregistration/v1beta1",
    "kubernetes/typed/apps/v1",
    "kubernetes/typed/apps/v1beta1",
    "kubernetes/typed/apps/v1beta2",
    "kubernetes/typed/authentication/v1",
    "kubernetes/typed/authentication/v1beta1",
    "kubernetes/typed/authorization/v1",
    "kubernetes/typed/authorization/v1beta1",
    "kubernetes/typed/autoscaling/v1",
    "kubernetes/typed/autoscaling/v2beta1",
    "kubernetes/typed/batch/v1",
    "kubernetes/typed/batch/v1beta1",
    "kubernetes/typed/batch/v2alpha1",
    "kubernetes/typed/certificates/v1beta1",
    "kubernetes/typed/core/v1",
    "kubernetes/typed/events/v1beta1",
    "kubernetes/typed/extensions/v1beta1",
    "kubernetes/typed/networking/v1",
    "kubernetes/typed/policy/v1beta1",
    "kubernetes/typed/rbac/v1",
    "kubernetes/typed/rbac/v1alpha1",
    "kubernetes/typed/rbac/v1beta1",
    "kubernetes/typed/scheduling/v1alpha1",
    "kubernetes/typed/scheduling/v1beta1",
    "kubernetes/typed/settings/v1alpha1",
    "kubernetes/typed/storage/v1",
    "kubernetes/typed/storage/v1alpha1",
    "kubernetes/typed/storage/v1beta1",
    "pkg/apis/clientauthentication",
    "pkg/apis/clientauthentication/v1alpha1",
    "pkg/apis/clientauthentication/v1beta1",
    "pkg/version",
    "plugin/pkg/client/auth/exec",
    "rest",
    "rest/watch",
    "tools/clientcmd/api",
    "tools/metrics",
    "tools/reference",
    "transport",
    "util/cert",
    "util/connrotation",
    "util/flowcontrol",
    "util/integer",
  ]
  pruneopts = "NUT"
  revision = "7d04d0e2a0a1a4d4a1cd6baa432a2301492e4e65"
  version = "v8.0.0"

[solve-meta]
  analyzer-name = "dep"
  analyzer-version = 1
  input-imports = [
    "github.com/cenkalti/backoff",
    "github.com/ghodss/yaml",
    "github.com/gosimple/slug",
    "github.com/gravitational/roundtrip",
    "github.com/gravitational/trace",
    "github.com/gravitational/version",
    "github.com/influxdata/influxdb/client/v2",
    "github.com/influxdata/kapacitor/client/v1",
    "github.com/influxdata/kapacitor/pipeline",
    "github.com/influxdata/kapacitor/tick",
    "github.com/influxdata/kapacitor/tick/stateful",
    "github.com/sirupsen/logrus",
    "github.com/spf13/cobra",
    "k8s.io/api/core/v1",
    "k8s.io/apimachinery/pkg/apis/meta/v1",
    "k8s.io/apimachinery/pkg/labels",
    "k8s.io/apimachinery/pkg/selection",
    "k8s.io/apimachinery/pkg/watch",
    "k8s.io/client-go/kubernetes",
    "k8s.io/client-go/kubernetes/typed/core/v1",
    "k8s.io/client-go/rest",
  ]
  solver-name = "gps-cdcl"
  solver-version = 1
